
Microsoft Visual Studio Solution File, Format Version 12.00
# Visual Studio Version 16
VisualStudioVersion = 16.0.29911.84
MinimumVisualStudioVersion = 10.0.40219.1
Project("{FAE04EC0-301F-11D3-BF4B-00C04F79EFBC}") = "menu-repo", "menu-repo\menu-repo.csproj", "{00FBD17B-3E0E-491B-BCBF-706590E1F7B0}"
EndProject
Global
	GlobalSection(SolutionConfigurationPlatforms) = preSolution
		Debug|Any CPU = Debug|Any CPU
		Release|Any CPU = Release|Any CPU
	EndGlobalSection
	GlobalSection(ProjectConfigurationPlatforms) = postSolution
		{00FBD17B-3E0E-491B-BCBF-706590E1F7B0}.Debug|Any CPU.ActiveCfg = Debug|Any CPU
		{00FBD17B-3E0E-491B-BCBF-706590E1F7B0}.Debug|Any CPU.Build.0 = Debug|Any CPU
		{00FBD17B-3E0E-491B-BCBF-706590E1F7B0}.Release|Any CPU.ActiveCfg = Release|Any CPU
		{00FBD17B-3E0E-491B-BCBF-706590E1F7B0}.Release|Any CPU.Build.0 = Release|Any CPU
	EndGlobalSection
	GlobalSection(SolutionProperties) = preSolution
		HideSolutionNode = FALSE
	EndGlobalSection
	GlobalSection(ExtensibilityGlobals) = postSolution
		SolutionGuid = {C6765BF4-CCF1-4450-9778-4D748B83064F}
	EndGlobalSection
EndGlobal
